// !$*UTF8*$!
{
	archiveVersion = 1;
	classes = {
	};
	objectVersion = 56;
	objects = {

/* Begin PBXBuildFile section */
		BAB37C2A2B8DE9A7000E0D33 /* HexagonParameterApp.swift in Sources */ = {isa = PBXBuildFile; fileRef = BAB37C292B8DE9A7000E0D33 /* HexagonParameterApp.swift */; };
		BAB37C2C2B8DE9A7000E0D33 /* ContentView.swift in Sources */ = {isa = PBXBuildFile; fileRef = BAB37C2B2B8DE9A7000E0D33 /* ContentView.swift */; };
		BAB37C2E2B8DE9AA000E0D33 /* Assets.xcassets in Resources */ = {isa = PBXBuildFile; fileRef = BAB37C2D2B8DE9AA000E0D33 /* Assets.xcassets */; };
		BAB37C312B8DE9AA000E0D33 /* Preview Assets.xcassets in Resources */ = {isa = PBXBuildFile; fileRef = BAB37C302B8DE9AA000E0D33 /* Preview Assets.xcassets */; };
		BAB37C392B8DEA33000E0D33 /* HexagonPara.swift in Sources */ = {isa = PBXBuildFile; fileRef = BAB37C382B8DEA33000E0D33 /* HexagonPara.swift */; };
		BAB37C3B2B8DEBDA000E0D33 /* BadgeBackground.swift in Sources */ = {isa = PBXBuildFile; fileRef = BAB37C3A2B8DEBDA000E0D33 /* BadgeBackground.swift */; };
		BAB37C3D2B8DF85B000E0D33 /* BadgeSymbol.swift in Sources */ = {isa = PBXBuildFile; fileRef = BAB37C3C2B8DF85B000E0D33 /* BadgeSymbol.swift */; };
		BAB37C3F2B8DFBA1000E0D33 /* RotatedBadgeSymbol.swift in Sources */ = {isa = PBXBuildFile; fileRef = BAB37C3E2B8DFBA1000E0D33 /* RotatedBadgeSymbol.swift */; };
		BAB37C412B8DFC21000E0D33 /* Badge.swift in Sources */ = {isa = PBXBuildFile; fileRef = BAB37C402B8DFC21000E0D33 /* Badge.swift */; };
/* End PBXBuildFile section */

/* Begin PBXFileReference section */
		BAB37C262B8DE9A7000E0D33 /* HexagonParameter.app */ = {isa = PBXFileReference; explicitFileType = wrapper.application; includeInIndex = 0; path = HexagonParameter.app; sourceTree = BUILT_PRODUCTS_DIR; };
		BAB37C292B8DE9A7000E0D33 /* HexagonParameterApp.swift */ = {isa = PBXFileReference; lastKnownFileType = sourcecode.swift; path = HexagonParameterApp.swift; sourceTree = "<group>"; };
		BAB37C2B2B8DE9A7000E0D33 /* ContentView.swift */ = {isa = PBXFileReference; lastKnownFileType = sourcecode.swift; path = ContentView.swift; sourceTree = "<group>"; };
		BAB37C2D2B8DE9AA000E0D33 /* Assets.xcassets */ = {isa = PBXFileReference; lastKnownFileType = folder.assetcatalog; path = Assets.xcassets; sourceTree = "<group>"; };
		BAB37C302B8DE9AA000E0D33 /* Preview Assets.xcassets */ = {isa = PBXFileReference; lastKnownFileType = folder.assetcatalog; path = "Preview Assets.xcassets"; sourceTree = "<group>"; };
		BAB37C382B8DEA33000E0D33 /* HexagonPara.swift */ = {isa = PBXFileReference; lastKnownFileType = sourcecode.swift; path = HexagonPara.swift; sourceTree = "<group>"; };
		BAB37C3A2B8DEBDA000E0D33 /* BadgeBackground.swift */ = {isa = PBXFileReference; lastKnownFileType = sourcecode.swift; path = BadgeBackground.swift; sourceTree = "<group>"; };
		BAB37C3C2B8DF85B000E0D33 /* BadgeSymbol.swift */ = {isa = PBXFileReference; lastKnownFileType = sourcecode.swift; path = BadgeSymbol.swift; sourceTree = "<group>"; };
		BAB37C3E2B8DFBA1000E0D33 /* RotatedBadgeSymbol.swift */ = {isa = PBXFileReference; lastKnownFileType = sourcecode.swift; path = RotatedBadgeSymbol.swift; sourceTree = "<group>"; };
		BAB37C402B8DFC21000E0D33 /* Badge.swift */ = {isa = PBXFileReference; lastKnownFileType = sourcecode.swift; path = Badge.swift; sourceTree = "<group>"; };
/* End PBXFileReference section */

/* Begin PBXFrameworksBuildPhase section */
		BAB37C232B8DE9A7000E0D33 /* Frameworks */ = {
			isa = PBXFrameworksBuildPhase;
			buildActionMask = 2147483647;
			files = (
			);
			runOnlyForDeploymentPostprocessing = 0;
		};
/* End PBXFrameworksBuildPhase section */

/* Begin PBXGroup section */
		BAB37C1D2B8DE9A7000E0D33 = {
			isa = PBXGroup;
			children = (
				BAB37C402B8DFC21000E0D33 /* Badge.swift */,
				BAB37C3C2B8DF85B000E0D33 /* BadgeSymbol.swift */,
				BAB37C3E2B8DFBA1000E0D33 /* RotatedBadgeSymbol.swift */,
				BAB37C3A2B8DEBDA000E0D33 /* BadgeBackground.swift */,
				BAB37C382B8DEA33000E0D33 /* HexagonPara.swift */,
				BAB37C282B8DE9A7000E0D33 /* HexagonParameter */,
				BAB37C272B8DE9A7000E0D33 /* Products */,
			);
			sourceTree = "<group>";
		};
		BAB37C272B8DE9A7000E0D33 /* Products */ = {
			isa = PBXGroup;
			children = (
				BAB37C262B8DE9A7000E0D33 /* HexagonParameter.app */,
			);
			name = Products;
			sourceTree = "<group>";
		};
		BAB37C282B8DE9A7000E0D33 /* HexagonParameter */ = {
			isa = PBXGroup;
			children = (
				BAB37C292B8DE9A7000E0D33 /* HexagonParameterApp.swift */,
				BAB37C2B2B8DE9A7000E0D33 /* ContentView.swift */,
				BAB37C2D2B8DE9AA000E0D33 /* Assets.xcassets */,
				BAB37C2F2B8DE9AA000E0D33 /* Preview Content */,
			);
			path = HexagonParameter;
			sourceTree = "<group>";
		};
		BAB37C2F2B8DE9AA000E0D33 /* Preview Content */ = {
			isa = PBXGroup;
			children = (
				BAB37C302B8DE9AA000E0D33 /* Preview Assets.xcassets */,
			);
			path = "Preview Content";
			sourceTree = "<group>";
		};
/* End PBXGroup section */

/* Begin PBXNativeTarget section */
		BAB37C252B8DE9A7000E0D33 /* HexagonParameter */ = {
			isa = PBXNativeTarget;
			buildConfigurationList = BAB37C342B8DE9AA000E0D33 /* Build configuration list for PBXNativeTarget "HexagonParameter" */;
			buildPhases = (
				BAB37C222B8DE9A7000E0D33 /* Sources */,
				BAB37C232B8DE9A7000E0D33 /* Frameworks */,
				BAB37C242B8DE9A7000E0D33 /* Resources */,
			);
			buildRules = (
			);
			dependencies = (
			);
			name = HexagonParameter;
			productName = HexagonParameter;
			productReference = BAB37C262B8DE9A7000E0D33 /* HexagonParameter.app */;
			productType = "com.apple.product-type.application";
		};
/* End PBXNativeTarget section */

/* Begin PBXProject section */
		BAB37C1E2B8DE9A7000E0D33 /* Project object */ = {
			isa = PBXProject;
			attributes = {
				BuildIndependentTargetsInParallel = 1;
				LastSwiftUpdateCheck = 1520;
				LastUpgradeCheck = 1520;
				TargetAttributes = {
					BAB37C252B8DE9A7000E0D33 = {
						CreatedOnToolsVersion = 15.2;
					};
				};
			};
			buildConfigurationList = BAB37C212B8DE9A7000E0D33 /* Build configuration list for PBXProject "HexagonParameter" */;
			compatibilityVersion = "Xcode 14.0";
			developmentRegion = en;
			hasScannedForEncodings = 0;
			knownRegions = (
				en,
				Base,
			);
			mainGroup = BAB37C1D2B8DE9A7000E0D33;
			productRefGroup = BAB37C272B8DE9A7000E0D33 /* Products */;
			projectDirPath = "";
			projectRoot = "";
			targets = (
				BAB37C252B8DE9A7000E0D33 /* HexagonParameter */,
			);
		};
/* End PBXProject section */

/* Begin PBXResourcesBuildPhase section */
		BAB37C242B8DE9A7000E0D33 /* Resources */ = {
			isa = PBXResourcesBuildPhase;
			buildActionMask = 2147483647;
			files = (
				BAB37C312B8DE9AA000E0D33 /* Preview Assets.xcassets in Resources */,
				BAB37C2E2B8DE9AA000E0D33 /* Assets.xcassets in Resources */,
			);
			runOnlyForDeploymentPostprocessing = 0;
		};
/* End PBXResourcesBuildPhase section */

/* Begin PBXSourcesBuildPhase section */
		BAB37C222B8DE9A7000E0D33 /* Sources */ = {
			isa = PBXSourcesBuildPhase;
			buildActionMask = 2147483647;
			files = (
				BAB37C412B8DFC21000E0D33 /* Badge.swift in Sources */,
				BAB37C2C2B8DE9A7000E0D33 /* ContentView.swift in Sources */,
				BAB37C392B8DEA33000E0D33 /* HexagonPara.swift in Sources */,
				BAB37C2A2B8DE9A7000E0D33 /* HexagonParameterApp.swift in Sources */,
				BAB37C3D2B8DF85B000E0D33 /* BadgeSymbol.swift in Sources */,
				BAB37C3B2B8DEBDA000E0D33 /* BadgeBackground.swift in Sources */,
				BAB37C3F2B8DFBA1000E0D33 /* RotatedBadgeSymbol.swift in Sources */,
			);
			runOnlyForDeploymentPostprocessing = 0;
		};
/* End PBXSourcesBuildPhase section */

/* Begin XCBuildConfiguration section */
		BAB37C322B8DE9AA000E0D33 /* Debug */ = {
			isa = XCBuildConfiguration;
			buildSettings = {
				ALWAYS_SEARCH_USER_PATHS = NO;
				ASSETCATALOG_COMPILER_GENERATE_SWIFT_ASSET_SYMBOL_EXTENSIONS = YES;
				CLANG_ANALYZER_NONNULL = YES;
				CLANG_ANALYZER_NUMBER_OBJECT_CONVERSION = YES_AGGRESSIVE;
				CLANG_CXX_LANGUAGE_STANDARD = "gnu++20";
				CLANG_ENABLE_MODULES = YES;
				CLANG_ENABLE_OBJC_ARC = YES;
				CLANG_ENABLE_OBJC_WEAK = YES;
				CLANG_WARN_BLOCK_CAPTURE_AUTORELEASING = YES;
				CLANG_WARN_BOOL_CONVERSION = YES;
				CLANG_WARN_COMMA = YES;
				CLANG_WARN_CONSTANT_CONVERSION = YES;
				CLANG_WARN_DEPRECATED_OBJC_IMPLEMENTATIONS = YES;
				CLANG_WARN_DIRECT_OBJC_ISA_USAGE = YES_ERROR;
				CLANG_WARN_DOCUMENTATION_COMMENTS = YES;
				CLANG_WARN_EMPTY_BODY = YES;
				CLANG_WARN_ENUM_CONVERSION = YES;
				CLANG_WARN_INFINITE_RECURSION = YES;
				CLANG_WARN_INT_CONVERSION = YES;
				CLANG_WARN_NON_LITERAL_NULL_CONVERSION = YES;
				CLANG_WARN_OBJC_IMPLICIT_RETAIN_SELF = YES;
				CLANG_WARN_OBJC_LITERAL_CONVERSION = YES;
				CLANG_WARN_OBJC_ROOT_CLASS = YES_ERROR;
				CLANG_WARN_QUOTED_INCLUDE_IN_FRAMEWORK_HEADER = YES;
				CLANG_WARN_RANGE_LOOP_ANALYSIS = YES;
				CLANG_WARN_STRICT_PROTOTYPES = YES;
				CLANG_WARN_SUSPICIOUS_MOVE = YES;
				CLANG_WARN_UNGUARDED_AVAILABILITY = YES_AGGRESSIVE;
				CLANG_WARN_UNREACHABLE_CODE = YES;
				CLANG_WARN__DUPLICATE_METHOD_MATCH = YES;
				COPY_PHASE_STRIP = NO;
				DEBUG_INFORMATION_FORMAT = dwarf;
				ENABLE_STRICT_OBJC_MSGSEND = YES;
				ENABLE_TESTABILITY = YES;
				ENABLE_USER_SCRIPT_SANDBOXING = YES;
				GCC_C_LANGUAGE_STANDARD = gnu17;
				GCC_DYNAMIC_NO_PIC = NO;
				GCC_NO_COMMON_BLOCKS = YES;
				GCC_OPTIMIZATION_LEVEL = 0;
				GCC_PREPROCESSOR_DEFINITIONS = (
					"DEBUG=1",
					"$(inherited)",
				);
				GCC_WARN_64_TO_32_BIT_CONVERSION = YES;
				GCC_WARN_ABOUT_RETURN_TYPE = YES_ERROR;
				GCC_WARN_UNDECLARED_SELECTOR = YES;
				GCC_WARN_UNINITIALIZED_AUTOS = YES_AGGRESSIVE;
				GCC_WARN_UNUSED_FUNCTION = YES;
				GCC_WARN_UNUSED_VARIABLE = YES;
				IPHONEOS_DEPLOYMENT_TARGET = 17.2;
				LOCALIZATION_PREFERS_STRING_CATALOGS = YES;
				MTL_ENABLE_DEBUG_INFO = INCLUDE_SOURCE;
				MTL_FAST_MATH = YES;
				ONLY_ACTIVE_ARCH = YES;
				SDKROOT = iphoneos;
				SWIFT_ACTIVE_COMPILATION_CONDITIONS = "DEBUG $(inherited)";
				SWIFT_OPTIMIZATION_LEVEL = "-Onone";
			};
			name = Debug;
		};
		BAB37C332B8DE9AA000E0D33 /* Release */ = {
			isa = XCBuildConfiguration;
			buildSettings = {
				ALWAYS_SEARCH_USER_PATHS = NO;
				ASSETCATALOG_COMPILER_GENERATE_SWIFT_ASSET_SYMBOL_EXTENSIONS = YES;
				CLANG_ANALYZER_NONNULL = YES;
				CLANG_ANALYZER_NUMBER_OBJECT_CONVERSION = YES_AGGRESSIVE;
				CLANG_CXX_LANGUAGE_STANDARD = "gnu++20";
				CLANG_ENABLE_MODULES = YES;
				CLANG_ENABLE_OBJC_ARC = YES;
				CLANG_ENABLE_OBJC_WEAK = YES;
				CLANG_WARN_BLOCK_CAPTURE_AUTORELEASING = YES;
				CLANG_WARN_BOOL_CONVERSION = YES;
				CLANG_WARN_COMMA = YES;
				CLANG_WARN_CONSTANT_CONVERSION = YES;
				CLANG_WARN_DEPRECATED_OBJC_IMPLEMENTATIONS = YES;
				CLANG_WARN_DIRECT_OBJC_ISA_USAGE = YES_ERROR;
				CLANG_WARN_DOCUMENTATION_COMMENTS = YES;
				CLANG_WARN_EMPTY_BODY = YES;
				CLANG_WARN_ENUM_CONVERSION = YES;
				CLANG_WARN_INFINITE_RECURSION = YES;
				CLANG_WARN_INT_CONVERSION = YES;
				CLANG_WARN_NON_LITERAL_NULL_CONVERSION = YES;
				CLANG_WARN_OBJC_IMPLICIT_RETAIN_SELF = YES;
				CLANG_WARN_OBJC_LITERAL_CONVERSION = YES;
				CLANG_WARN_OBJC_ROOT_CLASS = YES_ERROR;
				CLANG_WARN_QUOTED_INCLUDE_IN_FRAMEWORK_HEADER = YES;
				CLANG_WARN_RANGE_LOOP_ANALYSIS = YES;
				CLANG_WARN_STRICT_PROTOTYPES = YES;
				CLANG_WARN_SUSPICIOUS_MOVE = YES;
				CLANG_WARN_UNGUARDED_AVAILABILITY = YES_AGGRESSIVE;
				CLANG_WARN_UNREACHABLE_CODE = YES;
				CLANG_WARN__DUPLICATE_METHOD_MATCH = YES;
				COPY_PHASE_STRIP = NO;
				DEBUG_INFORMATION_FORMAT = "dwarf-with-dsym";
				ENABLE_NS_ASSERTIONS = NO;
				ENABLE_STRICT_OBJC_MSGSEND = YES;
				ENABLE_USER_SCRIPT_SANDBOXING = YES;
				GCC_C_LANGUAGE_STANDARD = gnu17;
				GCC_NO_COMMON_BLOCKS = YES;
				GCC_WARN_64_TO_32_BIT_CONVERSION = YES;
				GCC_WARN_ABOUT_RETURN_TYPE = YES_ERROR;
				GCC_WARN_UNDECLARED_SELECTOR = YES;
				GCC_WARN_UNINITIALIZED_AUTOS = YES_AGGRESSIVE;
				GCC_WARN_UNUSED_FUNCTION = YES;
				GCC_WARN_UNUSED_VARIABLE = YES;
				IPHONEOS_DEPLOYMENT_TARGET = 17.2;
				LOCALIZATION_PREFERS_STRING_CATALOGS = YES;
				MTL_ENABLE_DEBUG_INFO = NO;
				MTL_FAST_MATH = YES;
				SDKROOT = iphoneos;
				SWIFT_COMPILATION_MODE = wholemodule;
				VALIDATE_PRODUCT = YES;
			};
			name = Release;
		};
		BAB37C352B8DE9AA000E0D33 /* Debug */ = {
			isa = XCBuildConfiguration;
			buildSettings = {
				ASSETCATALOG_COMPILER_APPICON_NAME = AppIcon;
				ASSETCATALOG_COMPILER_GLOBAL_ACCENT_COLOR_NAME = AccentColor;
				CODE_SIGN_STYLE = Automatic;
				CURRENT_PROJECT_VERSION = 1;
				DEVELOPMENT_ASSET_PATHS = "\"HexagonParameter/Preview Content\"";
				DEVELOPMENT_TEAM = 3GR96U6VAY;
				ENABLE_PREVIEWS = YES;
				GENERATE_INFOPLIST_FILE = YES;
				INFOPLIST_KEY_UIApplicationSceneManifest_Generation = YES;
				INFOPLIST_KEY_UIApplicationSupportsIndirectInputEvents = YES;
				INFOPLIST_KEY_UILaunchScreen_Generation = YES;
				INFOPLIST_KEY_UISupportedInterfaceOrientations_iPad = "UIInterfaceOrientationPortrait UIInterfaceOrientationPortraitUpsideDown UIInterfaceOrientationLandscapeLeft UIInterfaceOrientationLandscapeRight";
				INFOPLIST_KEY_UISupportedInterfaceOrientations_iPhone = "UIInterfaceOrientationPortrait UIInterfaceOrientationLandscapeLeft UIInterfaceOrientationLandscapeRight";
				LD_RUNPATH_SEARCH_PATHS = (
					"$(inherited)",
					"@executable_path/Frameworks",
				);
				MARKETING_VERSION = 1.0;
				PRODUCT_BUNDLE_IDENTIFIER = learn.HexagonParameter;
				PRODUCT_NAME = "$(TARGET_NAME)";
				SWIFT_EMIT_LOC_STRINGS = YES;
				SWIFT_VERSION = 5.0;
				TARGETED_DEVICE_FAMILY = "1,2";
			};
			name = Debug;
		};
		BAB37C362B8DE9AA000E0D33 /* Release */ = {
			isa = XCBuildConfiguration;
			buildSettings = {
				ASSETCATALOG_COMPILER_APPICON_NAME = AppIcon;
				ASSETCATALOG_COMPILER_GLOBAL_ACCENT_COLOR_NAME = AccentColor;
				CODE_SIGN_STYLE = Automatic;
				CURRENT_PROJECT_VERSION = 1;
				DEVELOPMENT_ASSET_PATHS = "\"HexagonParameter/Preview Content\"";
				DEVELOPMENT_TEAM = 3GR96U6VAY;
				ENABLE_PREVIEWS = YES;
				GENERATE_INFOPLIST_FILE = YES;
				INFOPLIST_KEY_UIApplicationSceneManifest_Generation = YES;
				INFOPLIST_KEY_UIApplicationSupportsIndirectInputEvents = YES;
				INFOPLIST_KEY_UILaunchScreen_Generation = YES;
				INFOPLIST_KEY_UISupportedInterfaceOrientations_iPad = "UIInterfaceOrientationPortrait UIInterfaceOrientationPortraitUpsideDown UIInterfaceOrientationLandscapeLeft UIInterfaceOrientationLandscapeRight";
				INFOPLIST_KEY_UISupportedInterfaceOrientations_iPhone = "UIInterfaceOrientationPortrait UIInterfaceOrientationLandscapeLeft UIInterfaceOrientationLandscapeRight";
				LD_RUNPATH_SEARCH_PATHS = (
					"$(inherited)",
					"@executable_path/Frameworks",
				);
				MARKETING_VERSION = 1.0;
				PRODUCT_BUNDLE_IDENTIFIER = learn.HexagonParameter;
				PRODUCT_NAME = "$(TARGET_NAME)";
				SWIFT_EMIT_LOC_STRINGS = YES;
				SWIFT_VERSION = 5.0;
				TARGETED_DEVICE_FAMILY = "1,2";
			};
			name = Release;
		};
/* End XCBuildConfiguration section */

/* Begin XCConfigurationList section */
		BAB37C212B8DE9A7000E0D33 /* Build configuration list for PBXProject "HexagonParameter" */ = {
			isa = XCConfigurationList;
			buildConfigurations = (
				BAB37C322B8DE9AA000E0D33 /* Debug */,
				BAB37C332B8DE9AA000E0D33 /* Release */,
			);
			defaultConfigurationIsVisible = 0;
			defaultConfigurationName = Release;
		};
		BAB37C342B8DE9AA000E0D33 /* Build configuration list for PBXNativeTarget "HexagonParameter" */ = {
			isa = XCConfigurationList;
			buildConfigurations = (
				BAB37C352B8DE9AA000E0D33 /* Debug */,
				BAB37C362B8DE9AA000E0D33 /* Release */,
			);
			defaultConfigurationIsVisible = 0;
			defaultConfigurationName = Release;
		};
/* End XCConfigurationList section */
	};
	rootObject = BAB37C1E2B8DE9A7000E0D33 /* Project object */;
}
